{
  "requires": true,
  "lockfileVersion": 1,
  "dependencies": {
    "core-js": {
      "version": "2.6.11",
      "resolved": "https://registry.npmjs.org/core-js/-/core-js-2.6.11.tgz",
      "integrity": "sha512-5wjnpaT/3dV+XB4borEsnAYQchn00XSgTAWKDkEqv+K8KevjbzmofK6hfJ9TZIlpj2N0xQpazy7PiRQiWHqzWg=="
    },
    "leaflet": {
      "version": "1.6.0",
      "resolved": "https://registry.npmjs.org/leaflet/-/leaflet-1.6.0.tgz",
      "integrity": "sha512-CPkhyqWUKZKFJ6K8umN5/D2wrJ2+/8UIpXppY7QDnUZW5bZL5+SEI2J7GBpwh4LIupOKqbNSQXgqmrEJopHVNQ=="
    },
    "leaflet-draw": {
      "version": "1.0.4",
      "resolved": "https://registry.npmjs.org/leaflet-draw/-/leaflet-draw-1.0.4.tgz",
      "integrity": "sha512-rsQ6saQO5ST5Aj6XRFylr5zvarWgzWnrg46zQ1MEOEIHsppdC/8hnN8qMoFvACsPvTioAuysya/TVtog15tyAQ=="
    },
    "leaflet-toolbar": {
      "version": "0.4.0-alpha.2",
      "resolved": "https://registry.npmjs.org/leaflet-toolbar/-/leaflet-toolbar-0.4.0-alpha.2.tgz",
      "integrity": "sha512-g1KeU3DYGUOwXTS0vKIgJ8KgY0h/2B0qENNQUSYMFtSY2yzwaHWMbDyhDbk+aO8LgJ1iOX4fUt2bh1sYZbpmmQ=="
    },
    "vue": {
      "version": "2.6.11",
      "resolved": "https://registry.npmjs.org/vue/-/vue-2.6.11.tgz",
      "integrity": "sha512-VfPwgcGABbGAue9+sfrD4PuwFar7gPb1yl1UK1MwXoQPAw0BKSqWfoYCT/ThFrdEVWoI51dBuyCoiNU9bZDZxQ=="
    },
    "vue2-leaflet-draw-toolbar": {
      "version": "0.1.1",
      "resolved": "https://registry.npmjs.org/vue2-leaflet-draw-toolbar/-/vue2-leaflet-draw-toolbar-0.1.1.tgz",
      "integrity": "sha512-1cTfNu9FJP+mZ9nRjHCIB/jDCulnHVMSFsP8H/usajlUuJot4Tzs5Yq5Lfcm2r9K6GHOlHaQTitENkWlCx04iQ==",
      "requires": {
        "core-js": "^2.6.5",
        "leaflet": "^1.5.1",
        "leaflet-draw": "^1.0.4",
        "leaflet-toolbar": "^0.4.0-alpha.2",
        "vue": "^2.6.10"
      }
    }
  }
}
